
Microsoft Visual Studio Solution File, Format Version 12.00
# Visual Studio 2013
VisualStudioVersion = 12.0.31101.0
MinimumVisualStudioVersion = 10.0.40219.1
Project("{FAE04EC0-301F-11D3-BF4B-00C04F79EFBC}") = "GoogleCharts.Web", "GoogleCharts\GoogleCharts.Web.csproj", "{9D46FC68-B787-47A8-9C13-0ACB68514D75}"
EndProject
Project("{FAE04EC0-301F-11D3-BF4B-00C04F79EFBC}") = "GoogleCharts.Tests", "GoogleCharts.Tests\GoogleCharts.Tests.csproj", "{7EA002DD-F25F-45B5-9C46-E1DAEFF357AE}"
EndProject
Global
	GlobalSection(SolutionConfigurationPlatforms) = preSolution
		Debug|Any CPU = Debug|Any CPU
		Release|Any CPU = Release|Any CPU
	EndGlobalSection
	GlobalSection(ProjectConfigurationPlatforms) = postSolution
		{9D46FC68-B787-47A8-9C13-0ACB68514D75}.Debug|Any CPU.ActiveCfg = Debug|Any CPU
		{9D46FC68-B787-47A8-9C13-0ACB68514D75}.Debug|Any CPU.Build.0 = Debug|Any CPU
		{9D46FC68-B787-47A8-9C13-0ACB68514D75}.Release|Any CPU.ActiveCfg = Release|Any CPU
		{9D46FC68-B787-47A8-9C13-0ACB68514D75}.Release|Any CPU.Build.0 = Release|Any CPU
		{7EA002DD-F25F-45B5-9C46-E1DAEFF357AE}.Debug|Any CPU.ActiveCfg = Debug|Any CPU
		{7EA002DD-F25F-45B5-9C46-E1DAEFF357AE}.Debug|Any CPU.Build.0 = Debug|Any CPU
		{7EA002DD-F25F-45B5-9C46-E1DAEFF357AE}.Release|Any CPU.ActiveCfg = Release|Any CPU
		{7EA002DD-F25F-45B5-9C46-E1DAEFF357AE}.Release|Any CPU.Build.0 = Release|Any CPU
	EndGlobalSection
	GlobalSection(SolutionProperties) = preSolution
		HideSolutionNode = FALSE
	EndGlobalSection
EndGlobal
